
Microsoft Visual Studio Solution File, Format Version 10.00
# Visual Studio 2008
Project("{8BC9CEB8-8B4A-11D0-8D11-00A0C91BC942}") = "FindJavaLib", "find_java_lib.vcproj", "{D194C98B-3FA4-4DAB-908A-16C03C15EC35}"
EndProject
Project("{8BC9CEB8-8B4A-11D0-8D11-00A0C91BC942}") = "FindJavaExe", "find_java_exe.vcproj", "{F116176E-AE3E-42E6-9249-663F49FAAFAE}"
EndProject
Project("{8BC9CEB8-8B4A-11D0-8D11-00A0C91BC942}") = "FindLock", "..\find_lock\find_lock_exe.vcproj", "{42701EC1-6226-47FD-8817-57A3DEC7A1E2}"
EndProject
Project("{8BC9CEB8-8B4A-11D0-8D11-00A0C91BC942}") = "SdkLauncher", "..\sdklauncher\sdklauncher.vcproj", "{331EADA4-DC19-429D-AAD0-5B9632B4CBC1}"
EndProject
Global
	GlobalSection(SolutionConfigurationPlatforms) = preSolution
		Debug|Win32 = Debug|Win32
		Release|Win32 = Release|Win32
	EndGlobalSection
	GlobalSection(ProjectConfigurationPlatforms) = postSolution
		{D194C98B-3FA4-4DAB-908A-16C03C15EC35}.Debug|Win32.ActiveCfg = Debug|Win32
		{D194C98B-3FA4-4DAB-908A-16C03C15EC35}.Debug|Win32.Build.0 = Debug|Win32
		{D194C98B-3FA4-4DAB-908A-16C03C15EC35}.Release|Win32.ActiveCfg = Release|Win32
		{D194C98B-3FA4-4DAB-908A-16C03C15EC35}.Release|Win32.Build.0 = Release|Win32
		{F116176E-AE3E-42E6-9249-663F49FAAFAE}.Debug|Win32.ActiveCfg = Debug|Win32
		{F116176E-AE3E-42E6-9249-663F49FAAFAE}.Debug|Win32.Build.0 = Debug|Win32
		{F116176E-AE3E-42E6-9249-663F49FAAFAE}.Release|Win32.ActiveCfg = Release|Win32
		{F116176E-AE3E-42E6-9249-663F49FAAFAE}.Release|Win32.Build.0 = Release|Win32
		{42701EC1-6226-47FD-8817-57A3DEC7A1E2}.Debug|Win32.ActiveCfg = Debug|Win32
		{42701EC1-6226-47FD-8817-57A3DEC7A1E2}.Debug|Win32.Build.0 = Debug|Win32
		{42701EC1-6226-47FD-8817-57A3DEC7A1E2}.Release|Win32.ActiveCfg = Release|Win32
		{42701EC1-6226-47FD-8817-57A3DEC7A1E2}.Release|Win32.Build.0 = Release|Win32
		{331EADA4-DC19-429D-AAD0-5B9632B4CBC1}.Debug|Win32.ActiveCfg = Debug|Win32
		{331EADA4-DC19-429D-AAD0-5B9632B4CBC1}.Debug|Win32.Build.0 = Debug|Win32
		{331EADA4-DC19-429D-AAD0-5B9632B4CBC1}.Release|Win32.ActiveCfg = Release|Win32
		{331EADA4-DC19-429D-AAD0-5B9632B4CBC1}.Release|Win32.Build.0 = Release|Win32
	EndGlobalSection
	GlobalSection(SolutionProperties) = preSolution
		HideSolutionNode = FALSE
	EndGlobalSection
EndGlobal
